
Microsoft Visual Studio Solution File, Format Version 12.00
# Visual Studio 15
VisualStudioVersion = 15.0.27130.2026
MinimumVisualStudioVersion = 10.0.40219.1
Project("{FAE04EC0-301F-11D3-BF4B-00C04F79EFBC}") = "GazeHelper", "GazeHelper\GazeHelper.csproj", "{4DC59E95-1B96-47F4-95D6-63C51E3F3B01}"
EndProject
Project("{FAE04EC0-301F-11D3-BF4B-00C04F79EFBC}") = "GazeToMouse", "GazeToMouse\GazeToMouse.csproj", "{EDC1DD38-0E88-464A-9713-237E8ED2FC28}"
EndProject
Project("{FAE04EC0-301F-11D3-BF4B-00C04F79EFBC}") = "GazeToMouseClose", "GazeToMouseClose\GazeToMouseClose.csproj", "{7422FCE0-6086-4361-AF98-CF88DDE50158}"
EndProject
Project("{FAE04EC0-301F-11D3-BF4B-00C04F79EFBC}") = "TobiiGuestCalibrate", "TobiiGuestCalibrate\TobiiGuestCalibrate.csproj", "{B1152B47-2834-43FE-A4A4-0021D0D3CC94}"
EndProject
Project("{FAE04EC0-301F-11D3-BF4B-00C04F79EFBC}") = "TobiiCalibrate", "TobiiCalibrate\TobiiCalibrate.csproj", "{87AE18EB-6595-42EA-93F3-02A80363F960}"
EndProject
Project("{FAE04EC0-301F-11D3-BF4B-00C04F79EFBC}") = "TobiiTest", "TobiiTest\TobiiTest.csproj", "{42CFB45F-043C-4714-9476-D3D71DF59255}"
EndProject
Project("{2150E333-8FDC-42A3-9474-1A3956D46DE8}") = "Solution Items", "Solution Items", "{08B3EA9B-9D15-44C2-90F0-7472EC8A2903}"
	ProjectSection(SolutionItems) = preProject
		.gitignore = .gitignore
		assets\blank.cur = assets\blank.cur
		assets\config.json = assets\config.json
		README.md = README.md
	EndProjectSection
EndProject
Global
	GlobalSection(SolutionConfigurationPlatforms) = preSolution
		Debug|Any CPU = Debug|Any CPU
		Release|Any CPU = Release|Any CPU
	EndGlobalSection
	GlobalSection(ProjectConfigurationPlatforms) = postSolution
		{4DC59E95-1B96-47F4-95D6-63C51E3F3B01}.Debug|Any CPU.ActiveCfg = Debug|Any CPU
		{4DC59E95-1B96-47F4-95D6-63C51E3F3B01}.Debug|Any CPU.Build.0 = Debug|Any CPU
		{4DC59E95-1B96-47F4-95D6-63C51E3F3B01}.Release|Any CPU.ActiveCfg = Release|Any CPU
		{4DC59E95-1B96-47F4-95D6-63C51E3F3B01}.Release|Any CPU.Build.0 = Release|Any CPU
		{EDC1DD38-0E88-464A-9713-237E8ED2FC28}.Debug|Any CPU.ActiveCfg = Debug|Any CPU
		{EDC1DD38-0E88-464A-9713-237E8ED2FC28}.Debug|Any CPU.Build.0 = Debug|Any CPU
		{EDC1DD38-0E88-464A-9713-237E8ED2FC28}.Release|Any CPU.ActiveCfg = Release|Any CPU
		{EDC1DD38-0E88-464A-9713-237E8ED2FC28}.Release|Any CPU.Build.0 = Release|Any CPU
		{7422FCE0-6086-4361-AF98-CF88DDE50158}.Debug|Any CPU.ActiveCfg = Debug|Any CPU
		{7422FCE0-6086-4361-AF98-CF88DDE50158}.Debug|Any CPU.Build.0 = Debug|Any CPU
		{7422FCE0-6086-4361-AF98-CF88DDE50158}.Release|Any CPU.ActiveCfg = Release|Any CPU
		{7422FCE0-6086-4361-AF98-CF88DDE50158}.Release|Any CPU.Build.0 = Release|Any CPU
		{B1152B47-2834-43FE-A4A4-0021D0D3CC94}.Debug|Any CPU.ActiveCfg = Debug|Any CPU
		{B1152B47-2834-43FE-A4A4-0021D0D3CC94}.Debug|Any CPU.Build.0 = Debug|Any CPU
		{B1152B47-2834-43FE-A4A4-0021D0D3CC94}.Release|Any CPU.ActiveCfg = Release|Any CPU
		{B1152B47-2834-43FE-A4A4-0021D0D3CC94}.Release|Any CPU.Build.0 = Release|Any CPU
		{87AE18EB-6595-42EA-93F3-02A80363F960}.Debug|Any CPU.ActiveCfg = Debug|Any CPU
		{87AE18EB-6595-42EA-93F3-02A80363F960}.Debug|Any CPU.Build.0 = Debug|Any CPU
		{87AE18EB-6595-42EA-93F3-02A80363F960}.Release|Any CPU.ActiveCfg = Release|Any CPU
		{87AE18EB-6595-42EA-93F3-02A80363F960}.Release|Any CPU.Build.0 = Release|Any CPU
		{42CFB45F-043C-4714-9476-D3D71DF59255}.Debug|Any CPU.ActiveCfg = Debug|Any CPU
		{42CFB45F-043C-4714-9476-D3D71DF59255}.Debug|Any CPU.Build.0 = Debug|Any CPU
		{42CFB45F-043C-4714-9476-D3D71DF59255}.Release|Any CPU.ActiveCfg = Release|Any CPU
		{42CFB45F-043C-4714-9476-D3D71DF59255}.Release|Any CPU.Build.0 = Release|Any CPU
	EndGlobalSection
	GlobalSection(SolutionProperties) = preSolution
		HideSolutionNode = FALSE
	EndGlobalSection
	GlobalSection(ExtensibilityGlobals) = postSolution
		SolutionGuid = {BCC7AA1E-6491-4BFB-BEEB-CC8DB1D2EA0B}
	EndGlobalSection
EndGlobal
