
Microsoft Visual Studio Solution File, Format Version 12.00
# Visual Studio 15
VisualStudioVersion = 15.0.27130.2024
MinimumVisualStudioVersion = 10.0.40219.1
Project("{FAE04EC0-301F-11D3-BF4B-00C04F79EFBC}") = "gaze2mouse", "gaze2mouse\gaze2mouse.csproj", "{E87BBCFB-644D-48F8-8253-3377421BB7DA}"
EndProject
Project("{FAE04EC0-301F-11D3-BF4B-00C04F79EFBC}") = "gaze2mouse_close", "gaze2mouse_close\gaze2mouse_close.csproj", "{9A4BC9DB-2BFE-4794-B885-FE97F4439401}"
EndProject
Project("{FAE04EC0-301F-11D3-BF4B-00C04F79EFBC}") = "readJson", "readJson\readJson.csproj", "{E229FCE3-CC35-4C59-9E03-F7B96A8AE79E}"
EndProject
Global
	GlobalSection(SolutionConfigurationPlatforms) = preSolution
		Debug|Any CPU = Debug|Any CPU
		Release|Any CPU = Release|Any CPU
	EndGlobalSection
	GlobalSection(ProjectConfigurationPlatforms) = postSolution
		{E87BBCFB-644D-48F8-8253-3377421BB7DA}.Debug|Any CPU.ActiveCfg = Debug|Any CPU
		{E87BBCFB-644D-48F8-8253-3377421BB7DA}.Debug|Any CPU.Build.0 = Debug|Any CPU
		{E87BBCFB-644D-48F8-8253-3377421BB7DA}.Release|Any CPU.ActiveCfg = Release|Any CPU
		{E87BBCFB-644D-48F8-8253-3377421BB7DA}.Release|Any CPU.Build.0 = Release|Any CPU
		{9A4BC9DB-2BFE-4794-B885-FE97F4439401}.Debug|Any CPU.ActiveCfg = Debug|Any CPU
		{9A4BC9DB-2BFE-4794-B885-FE97F4439401}.Debug|Any CPU.Build.0 = Debug|Any CPU
		{9A4BC9DB-2BFE-4794-B885-FE97F4439401}.Release|Any CPU.ActiveCfg = Release|Any CPU
		{9A4BC9DB-2BFE-4794-B885-FE97F4439401}.Release|Any CPU.Build.0 = Release|Any CPU
		{E229FCE3-CC35-4C59-9E03-F7B96A8AE79E}.Debug|Any CPU.ActiveCfg = Debug|Any CPU
		{E229FCE3-CC35-4C59-9E03-F7B96A8AE79E}.Debug|Any CPU.Build.0 = Debug|Any CPU
		{E229FCE3-CC35-4C59-9E03-F7B96A8AE79E}.Release|Any CPU.ActiveCfg = Release|Any CPU
		{E229FCE3-CC35-4C59-9E03-F7B96A8AE79E}.Release|Any CPU.Build.0 = Release|Any CPU
	EndGlobalSection
	GlobalSection(SolutionProperties) = preSolution
		HideSolutionNode = FALSE
	EndGlobalSection
	GlobalSection(ExtensibilityGlobals) = postSolution
		SolutionGuid = {BCC7AA1E-6491-4BFB-BEEB-CC8DB1D2EA0B}
	EndGlobalSection
EndGlobal
